
Microsoft Visual Studio Solution File, Format Version 12.00
# Visual Studio Version 16
VisualStudioVersion = 16.0.31019.35
MinimumVisualStudioVersion = 10.0.40219.1
Project("{9A19103F-16F7-4668-BE54-9A1E7A4F7556}") = "MoleTrackerWebsite", "MoleTrackerWebsite\MoleTrackerWebsite.csproj", "{8375AF9A-946C-4B9E-A959-62FBA487DF12}"
EndProject
Project("{9A19103F-16F7-4668-BE54-9A1E7A4F7556}") = "DataClasses", "DTO\DataClasses.csproj", "{55C62530-8FFF-4C05-AECC-67BD125F8D89}"
EndProject
Project("{9A19103F-16F7-4668-BE54-9A1E7A4F7556}") = "MoleTrackerWebsite_PW.UnitTests", "MoleTrackerWebsite_PW.UnitTests\MoleTrackerWebsite_PW.UnitTests.csproj", "{77BE78A1-DFC9-4026-BDDD-3051D5BBD60D}"
EndProject
Project("{9A19103F-16F7-4668-BE54-9A1E7A4F7556}") = "MoleTrackerWebsite_MW.UnitTests", "MoleTrackerWebsite_MW.UnitTests\MoleTrackerWebsite_MW.UnitTests.csproj", "{CDBA7543-0830-4890-8100-BBCCD51CC3C8}"
EndProject
Project("{9A19103F-16F7-4668-BE54-9A1E7A4F7556}") = "PW_BusinessLogicLayer", "PW_BusinessLogicLayer\PW_BusinessLogicLayer.csproj", "{B97E2277-DAD2-470F-A878-0C5C628DB337}"
EndProject
Project("{FAE04EC0-301F-11D3-BF4B-00C04F79EFBC}") = "PW_DataAccessLayer", "PW_DataAccessLayer\PW_DataAccessLayer.csproj", "{D369E85B-BBE3-4762-AED6-CF39197032CE}"
EndProject
Project("{FAE04EC0-301F-11D3-BF4B-00C04F79EFBC}") = "MW_BusinessLogicLayer", "MW_BusinessLogicLayer\MW_BusinessLogicLayer.csproj", "{D501B1C8-33F9-42F9-87E6-730DF6D96AD9}"
EndProject
Project("{FAE04EC0-301F-11D3-BF4B-00C04F79EFBC}") = "MW_DataAccessLayer", "MW_DataAccessLayer\MW_DataAccessLayer.csproj", "{8E18C772-DAD3-441A-BD12-B62A8F99714A}"
EndProject
Global
	GlobalSection(SolutionConfigurationPlatforms) = preSolution
		Debug|Any CPU = Debug|Any CPU
		Release|Any CPU = Release|Any CPU
	EndGlobalSection
	GlobalSection(ProjectConfigurationPlatforms) = postSolution
		{8375AF9A-946C-4B9E-A959-62FBA487DF12}.Debug|Any CPU.ActiveCfg = Debug|Any CPU
		{8375AF9A-946C-4B9E-A959-62FBA487DF12}.Debug|Any CPU.Build.0 = Debug|Any CPU
		{8375AF9A-946C-4B9E-A959-62FBA487DF12}.Release|Any CPU.ActiveCfg = Release|Any CPU
		{8375AF9A-946C-4B9E-A959-62FBA487DF12}.Release|Any CPU.Build.0 = Release|Any CPU
		{55C62530-8FFF-4C05-AECC-67BD125F8D89}.Debug|Any CPU.ActiveCfg = Debug|Any CPU
		{55C62530-8FFF-4C05-AECC-67BD125F8D89}.Debug|Any CPU.Build.0 = Debug|Any CPU
		{55C62530-8FFF-4C05-AECC-67BD125F8D89}.Release|Any CPU.ActiveCfg = Release|Any CPU
		{55C62530-8FFF-4C05-AECC-67BD125F8D89}.Release|Any CPU.Build.0 = Release|Any CPU
		{77BE78A1-DFC9-4026-BDDD-3051D5BBD60D}.Debug|Any CPU.ActiveCfg = Debug|Any CPU
		{77BE78A1-DFC9-4026-BDDD-3051D5BBD60D}.Debug|Any CPU.Build.0 = Debug|Any CPU
		{77BE78A1-DFC9-4026-BDDD-3051D5BBD60D}.Release|Any CPU.ActiveCfg = Release|Any CPU
		{77BE78A1-DFC9-4026-BDDD-3051D5BBD60D}.Release|Any CPU.Build.0 = Release|Any CPU
		{CDBA7543-0830-4890-8100-BBCCD51CC3C8}.Debug|Any CPU.ActiveCfg = Debug|Any CPU
		{CDBA7543-0830-4890-8100-BBCCD51CC3C8}.Debug|Any CPU.Build.0 = Debug|Any CPU
		{CDBA7543-0830-4890-8100-BBCCD51CC3C8}.Release|Any CPU.ActiveCfg = Release|Any CPU
		{CDBA7543-0830-4890-8100-BBCCD51CC3C8}.Release|Any CPU.Build.0 = Release|Any CPU
		{B97E2277-DAD2-470F-A878-0C5C628DB337}.Debug|Any CPU.ActiveCfg = Debug|Any CPU
		{B97E2277-DAD2-470F-A878-0C5C628DB337}.Debug|Any CPU.Build.0 = Debug|Any CPU
		{B97E2277-DAD2-470F-A878-0C5C628DB337}.Release|Any CPU.ActiveCfg = Release|Any CPU
		{B97E2277-DAD2-470F-A878-0C5C628DB337}.Release|Any CPU.Build.0 = Release|Any CPU
		{D369E85B-BBE3-4762-AED6-CF39197032CE}.Debug|Any CPU.ActiveCfg = Debug|Any CPU
		{D369E85B-BBE3-4762-AED6-CF39197032CE}.Debug|Any CPU.Build.0 = Debug|Any CPU
		{D369E85B-BBE3-4762-AED6-CF39197032CE}.Release|Any CPU.ActiveCfg = Release|Any CPU
		{D369E85B-BBE3-4762-AED6-CF39197032CE}.Release|Any CPU.Build.0 = Release|Any CPU
		{D501B1C8-33F9-42F9-87E6-730DF6D96AD9}.Debug|Any CPU.ActiveCfg = Debug|Any CPU
		{D501B1C8-33F9-42F9-87E6-730DF6D96AD9}.Debug|Any CPU.Build.0 = Debug|Any CPU
		{D501B1C8-33F9-42F9-87E6-730DF6D96AD9}.Release|Any CPU.ActiveCfg = Release|Any CPU
		{D501B1C8-33F9-42F9-87E6-730DF6D96AD9}.Release|Any CPU.Build.0 = Release|Any CPU
		{8E18C772-DAD3-441A-BD12-B62A8F99714A}.Debug|Any CPU.ActiveCfg = Debug|Any CPU
		{8E18C772-DAD3-441A-BD12-B62A8F99714A}.Debug|Any CPU.Build.0 = Debug|Any CPU
		{8E18C772-DAD3-441A-BD12-B62A8F99714A}.Release|Any CPU.ActiveCfg = Release|Any CPU
		{8E18C772-DAD3-441A-BD12-B62A8F99714A}.Release|Any CPU.Build.0 = Release|Any CPU
	EndGlobalSection
	GlobalSection(SolutionProperties) = preSolution
		HideSolutionNode = FALSE
	EndGlobalSection
	GlobalSection(ExtensibilityGlobals) = postSolution
		SolutionGuid = {C0798875-D142-4715-96CA-1C625A930055}
	EndGlobalSection
EndGlobal
