
Microsoft Visual Studio Solution File, Format Version 12.00
# Visual Studio Version 16
VisualStudioVersion = 16.0.31019.35
MinimumVisualStudioVersion = 10.0.40219.1
Project("{9A19103F-16F7-4668-BE54-9A1E7A4F7556}") = "MoleTrackerWebsite", "MoleTrackerWebsite\MoleTrackerWebsite.csproj", "{8375AF9A-946C-4B9E-A959-62FBA487DF12}"
EndProject
Project("{9A19103F-16F7-4668-BE54-9A1E7A4F7556}") = "BusinessLogicLayer", "BusinessLogicLayer\BusinessLogicLayer.csproj", "{16153E24-DA98-47E4-BD51-3A36B87F177E}"
EndProject
Project("{FAE04EC0-301F-11D3-BF4B-00C04F79EFBC}") = "DataAccessLayer", "DataAccessLayer\DataAccessLayer.csproj", "{93117D96-754C-4F18-87FD-8121E34C8788}"
EndProject
Project("{FAE04EC0-301F-11D3-BF4B-00C04F79EFBC}") = "DataClasses", "DataClasses\DataClasses.csproj", "{2D67102E-BC34-4587-8A05-17821C64C4ED}"
EndProject
Global
	GlobalSection(SolutionConfigurationPlatforms) = preSolution
		Debug|Any CPU = Debug|Any CPU
		Release|Any CPU = Release|Any CPU
	EndGlobalSection
	GlobalSection(ProjectConfigurationPlatforms) = postSolution
		{8375AF9A-946C-4B9E-A959-62FBA487DF12}.Debug|Any CPU.ActiveCfg = Debug|Any CPU
		{8375AF9A-946C-4B9E-A959-62FBA487DF12}.Debug|Any CPU.Build.0 = Debug|Any CPU
		{8375AF9A-946C-4B9E-A959-62FBA487DF12}.Release|Any CPU.ActiveCfg = Release|Any CPU
		{8375AF9A-946C-4B9E-A959-62FBA487DF12}.Release|Any CPU.Build.0 = Release|Any CPU
		{16153E24-DA98-47E4-BD51-3A36B87F177E}.Debug|Any CPU.ActiveCfg = Debug|Any CPU
		{16153E24-DA98-47E4-BD51-3A36B87F177E}.Debug|Any CPU.Build.0 = Debug|Any CPU
		{16153E24-DA98-47E4-BD51-3A36B87F177E}.Release|Any CPU.ActiveCfg = Release|Any CPU
		{16153E24-DA98-47E4-BD51-3A36B87F177E}.Release|Any CPU.Build.0 = Release|Any CPU
		{93117D96-754C-4F18-87FD-8121E34C8788}.Debug|Any CPU.ActiveCfg = Debug|Any CPU
		{93117D96-754C-4F18-87FD-8121E34C8788}.Debug|Any CPU.Build.0 = Debug|Any CPU
		{93117D96-754C-4F18-87FD-8121E34C8788}.Release|Any CPU.ActiveCfg = Release|Any CPU
		{93117D96-754C-4F18-87FD-8121E34C8788}.Release|Any CPU.Build.0 = Release|Any CPU
		{2D67102E-BC34-4587-8A05-17821C64C4ED}.Debug|Any CPU.ActiveCfg = Debug|Any CPU
		{2D67102E-BC34-4587-8A05-17821C64C4ED}.Debug|Any CPU.Build.0 = Debug|Any CPU
		{2D67102E-BC34-4587-8A05-17821C64C4ED}.Release|Any CPU.ActiveCfg = Release|Any CPU
		{2D67102E-BC34-4587-8A05-17821C64C4ED}.Release|Any CPU.Build.0 = Release|Any CPU
	EndGlobalSection
	GlobalSection(SolutionProperties) = preSolution
		HideSolutionNode = FALSE
	EndGlobalSection
	GlobalSection(ExtensibilityGlobals) = postSolution
		SolutionGuid = {C0798875-D142-4715-96CA-1C625A930055}
	EndGlobalSection
EndGlobal
